
Microsoft Visual Studio Solution File, Format Version 12.00
# Visual Studio Version 17
VisualStudioVersion = 17.9.34701.34
MinimumVisualStudioVersion = 10.0.40219.1
Project("{FAE04EC0-301F-11D3-BF4B-00C04F79EFBC}") = "CRUDcomDapper", "CRUDcomDapper\CRUDcomDapper.csproj", "{827A9710-E37D-4EDD-82BD-D174C8D16F09}"
EndProject
Global
	GlobalSection(SolutionConfigurationPlatforms) = preSolution
		Debug|Any CPU = Debug|Any CPU
		Release|Any CPU = Release|Any CPU
	EndGlobalSection
	GlobalSection(ProjectConfigurationPlatforms) = postSolution
		{827A9710-E37D-4EDD-82BD-D174C8D16F09}.Debug|Any CPU.ActiveCfg = Debug|Any CPU
		{827A9710-E37D-4EDD-82BD-D174C8D16F09}.Debug|Any CPU.Build.0 = Debug|Any CPU
		{827A9710-E37D-4EDD-82BD-D174C8D16F09}.Release|Any CPU.ActiveCfg = Release|Any CPU
		{827A9710-E37D-4EDD-82BD-D174C8D16F09}.Release|Any CPU.Build.0 = Release|Any CPU
	EndGlobalSection
	GlobalSection(SolutionProperties) = preSolution
		HideSolutionNode = FALSE
	EndGlobalSection
	GlobalSection(ExtensibilityGlobals) = postSolution
		SolutionGuid = {091032A8-EF9D-4EA2-860F-2E7B0DC3F130}
	EndGlobalSection
EndGlobal
